// !$*UTF8*$!
{
	archiveVersion = 1;
	classes = {
	};
	objectVersion = 50;
	objects = {

/* Begin PBXBuildFile section */
		98C3F1C31820238EF75EF496 /* Pods_mapApp.framework in Frameworks */ = {isa = PBXBuildFile; fileRef = 09AE4000C9E99336C06632D9 /* Pods_mapApp.framework */; };
		F4014F86214C4ECD00317B87 /* AppDelegate.swift in Sources */ = {isa = PBXBuildFile; fileRef = F4014F85214C4ECD00317B87 /* AppDelegate.swift */; };
		F4014F88214C4ECD00317B87 /* ViewController.swift in Sources */ = {isa = PBXBuildFile; fileRef = F4014F87214C4ECD00317B87 /* ViewController.swift */; };
		F4014F8D214C4ED100317B87 /* Assets.xcassets in Resources */ = {isa = PBXBuildFile; fileRef = F4014F8C214C4ED100317B87 /* Assets.xcassets */; };
		F4014F90214C4ED100317B87 /* LaunchScreen.storyboard in Resources */ = {isa = PBXBuildFile; fileRef = F4014F8E214C4ED100317B87 /* LaunchScreen.storyboard */; };
		F422D034214EF2CF00DCD21D /* TemperatureViewController.swift in Sources */ = {isa = PBXBuildFile; fileRef = F422D033214EF2CF00DCD21D /* TemperatureViewController.swift */; };
		F4491BE7214D0B3E000AA2EF /* WeatherForecastButton.swift in Sources */ = {isa = PBXBuildFile; fileRef = F4491BE6214D0B3E000AA2EF /* WeatherForecastButton.swift */; };
		F4491BED214D0EB7000AA2EF /* Main.storyboard in Resources */ = {isa = PBXBuildFile; fileRef = F4491BEC214D0EB6000AA2EF /* Main.storyboard */; };
		F47B1828214E8556004A8827 /* WeatherDataModule.swift in Sources */ = {isa = PBXBuildFile; fileRef = F47B1827214E8556004A8827 /* WeatherDataModule.swift */; };
/* End PBXBuildFile section */

/* Begin PBXFileReference section */
		09AE4000C9E99336C06632D9 /* Pods_mapApp.framework */ = {isa = PBXFileReference; explicitFileType = wrapper.framework; includeInIndex = 0; path = Pods_mapApp.framework; sourceTree = BUILT_PRODUCTS_DIR; };
		ADC34B6F38A896AD4C9F6F61 /* Pods-mapApp.release.xcconfig */ = {isa = PBXFileReference; includeInIndex = 1; lastKnownFileType = text.xcconfig; name = "Pods-mapApp.release.xcconfig"; path = "Pods/Target Support Files/Pods-mapApp/Pods-mapApp.release.xcconfig"; sourceTree = "<group>"; };
		ED33A8C0AF6921EFBA1D54EE /* Pods-mapApp.debug.xcconfig */ = {isa = PBXFileReference; includeInIndex = 1; lastKnownFileType = text.xcconfig; name = "Pods-mapApp.debug.xcconfig"; path = "Pods/Target Support Files/Pods-mapApp/Pods-mapApp.debug.xcconfig"; sourceTree = "<group>"; };
		F4014F82214C4ECD00317B87 /* mapApp.app */ = {isa = PBXFileReference; explicitFileType = wrapper.application; includeInIndex = 0; path = mapApp.app; sourceTree = BUILT_PRODUCTS_DIR; };
		F4014F85214C4ECD00317B87 /* AppDelegate.swift */ = {isa = PBXFileReference; lastKnownFileType = sourcecode.swift; path = AppDelegate.swift; sourceTree = "<group>"; };
		F4014F87214C4ECD00317B87 /* ViewController.swift */ = {isa = PBXFileReference; lastKnownFileType = sourcecode.swift; path = ViewController.swift; sourceTree = "<group>"; };
		F4014F8C214C4ED100317B87 /* Assets.xcassets */ = {isa = PBXFileReference; lastKnownFileType = folder.assetcatalog; path = Assets.xcassets; sourceTree = "<group>"; };
		F4014F8F214C4ED100317B87 /* Base */ = {isa = PBXFileReference; lastKnownFileType = file.storyboard; name = Base; path = Base.lproj/LaunchScreen.storyboard; sourceTree = "<group>"; };
		F4014F91214C4ED100317B87 /* Info.plist */ = {isa = PBXFileReference; lastKnownFileType = text.plist.xml; path = Info.plist; sourceTree = "<group>"; };
		F422D033214EF2CF00DCD21D /* TemperatureViewController.swift */ = {isa = PBXFileReference; lastKnownFileType = sourcecode.swift; path = TemperatureViewController.swift; sourceTree = "<group>"; };
		F4491BE6214D0B3E000AA2EF /* WeatherForecastButton.swift */ = {isa = PBXFileReference; lastKnownFileType = sourcecode.swift; path = WeatherForecastButton.swift; sourceTree = "<group>"; };
		F4491BEC214D0EB6000AA2EF /* Main.storyboard */ = {isa = PBXFileReference; fileEncoding = 4; lastKnownFileType = file.storyboard; path = Main.storyboard; sourceTree = "<group>"; };
		F47B1827214E8556004A8827 /* WeatherDataModule.swift */ = {isa = PBXFileReference; lastKnownFileType = sourcecode.swift; path = WeatherDataModule.swift; sourceTree = "<group>"; };
/* End PBXFileReference section */

/* Begin PBXFrameworksBuildPhase section */
		F4014F7F214C4ECD00317B87 /* Frameworks */ = {
			isa = PBXFrameworksBuildPhase;
			buildActionMask = 2147483647;
			files = (
				98C3F1C31820238EF75EF496 /* Pods_mapApp.framework in Frameworks */,
			);
			runOnlyForDeploymentPostprocessing = 0;
		};
/* End PBXFrameworksBuildPhase section */

/* Begin PBXGroup section */
		2323DED4ED45FC4E62B4C6A7 /* Pods */ = {
			isa = PBXGroup;
			children = (
				ED33A8C0AF6921EFBA1D54EE /* Pods-mapApp.debug.xcconfig */,
				ADC34B6F38A896AD4C9F6F61 /* Pods-mapApp.release.xcconfig */,
			);
			name = Pods;
			sourceTree = "<group>";
		};
		F4014F79214C4ECD00317B87 = {
			isa = PBXGroup;
			children = (
				F4014F84214C4ECD00317B87 /* mapApp */,
				F4014F83214C4ECD00317B87 /* Products */,
				F4014F97214C4F2200317B87 /* Frameworks */,
				2323DED4ED45FC4E62B4C6A7 /* Pods */,
			);
			sourceTree = "<group>";
		};
		F4014F83214C4ECD00317B87 /* Products */ = {
			isa = PBXGroup;
			children = (
				F4014F82214C4ECD00317B87 /* mapApp.app */,
			);
			name = Products;
			sourceTree = "<group>";
		};
		F4014F84214C4ECD00317B87 /* mapApp */ = {
			isa = PBXGroup;
			children = (
				F4014F85214C4ECD00317B87 /* AppDelegate.swift */,
				F422D035214F822800DCD21D /* Model */,
				F422D036214F823A00DCD21D /* View */,
				F422D037214F824200DCD21D /* Controller */,
				F4014F8C214C4ED100317B87 /* Assets.xcassets */,
				F4014F91214C4ED100317B87 /* Info.plist */,
			);
			path = mapApp;
			sourceTree = "<group>";
		};
		F4014F97214C4F2200317B87 /* Frameworks */ = {
			isa = PBXGroup;
			children = (
				09AE4000C9E99336C06632D9 /* Pods_mapApp.framework */,
			);
			name = Frameworks;
			sourceTree = "<group>";
		};
		F422D035214F822800DCD21D /* Model */ = {
			isa = PBXGroup;
			children = (
				F47B1827214E8556004A8827 /* WeatherDataModule.swift */,
			);
			path = Model;
			sourceTree = "<group>";
		};
		F422D036214F823A00DCD21D /* View */ = {
			isa = PBXGroup;
			children = (
				F4491BE6214D0B3E000AA2EF /* WeatherForecastButton.swift */,
				F4491BEC214D0EB6000AA2EF /* Main.storyboard */,
				F4014F8E214C4ED100317B87 /* LaunchScreen.storyboard */,
			);
			path = View;
			sourceTree = "<group>";
		};
		F422D037214F824200DCD21D /* Controller */ = {
			isa = PBXGroup;
			children = (
				F422D033214EF2CF00DCD21D /* TemperatureViewController.swift */,
				F4014F87214C4ECD00317B87 /* ViewController.swift */,
			);
			path = Controller;
			sourceTree = "<group>";
		};
/* End PBXGroup section */

/* Begin PBXNativeTarget section */
		F4014F81214C4ECD00317B87 /* mapApp */ = {
			isa = PBXNativeTarget;
			buildConfigurationList = F4014F94214C4ED100317B87 /* Build configuration list for PBXNativeTarget "mapApp" */;
			buildPhases = (
				D7CFF0B5421FC2F3C2F39722 /* [CP] Check Pods Manifest.lock */,
				F4014F7E214C4ECD00317B87 /* Sources */,
				F4014F7F214C4ECD00317B87 /* Frameworks */,
				F4014F80214C4ECD00317B87 /* Resources */,
				63C4EA5FECEDAA8659806B12 /* [CP] Embed Pods Frameworks */,
			);
			buildRules = (
			);
			dependencies = (
			);
			name = mapApp;
			productName = mapApp;
			productReference = F4014F82214C4ECD00317B87 /* mapApp.app */;
			productType = "com.apple.product-type.application";
		};
/* End PBXNativeTarget section */

/* Begin PBXProject section */
		F4014F7A214C4ECD00317B87 /* Project object */ = {
			isa = PBXProject;
			attributes = {
				LastSwiftUpdateCheck = 0940;
				LastUpgradeCheck = 0940;
				ORGANIZATIONNAME = dmitriy1;
				TargetAttributes = {
					F4014F81214C4ECD00317B87 = {
						CreatedOnToolsVersion = 9.4.1;
						SystemCapabilities = {
							com.apple.Maps.iOS = {
								enabled = 0;
							};
						};
					};
				};
			};
			buildConfigurationList = F4014F7D214C4ECD00317B87 /* Build configuration list for PBXProject "mapApp" */;
			compatibilityVersion = "Xcode 9.3";
			developmentRegion = en;
			hasScannedForEncodings = 0;
			knownRegions = (
				en,
				Base,
			);
			mainGroup = F4014F79214C4ECD00317B87;
			productRefGroup = F4014F83214C4ECD00317B87 /* Products */;
			projectDirPath = "";
			projectRoot = "";
			targets = (
				F4014F81214C4ECD00317B87 /* mapApp */,
			);
		};
/* End PBXProject section */

/* Begin PBXResourcesBuildPhase section */
		F4014F80214C4ECD00317B87 /* Resources */ = {
			isa = PBXResourcesBuildPhase;
			buildActionMask = 2147483647;
			files = (
				F4491BED214D0EB7000AA2EF /* Main.storyboard in Resources */,
				F4014F90214C4ED100317B87 /* LaunchScreen.storyboard in Resources */,
				F4014F8D214C4ED100317B87 /* Assets.xcassets in Resources */,
			);
			runOnlyForDeploymentPostprocessing = 0;
		};
/* End PBXResourcesBuildPhase section */

/* Begin PBXShellScriptBuildPhase section */
		63C4EA5FECEDAA8659806B12 /* [CP] Embed Pods Frameworks */ = {
			isa = PBXShellScriptBuildPhase;
			buildActionMask = 2147483647;
			files = (
			);
			inputPaths = (
				"${SRCROOT}/Pods/Target Support Files/Pods-mapApp/Pods-mapApp-frameworks.sh",
				"${BUILT_PRODUCTS_DIR}/Alamofire/Alamofire.framework",
				"${BUILT_PRODUCTS_DIR}/SVProgressHUD/SVProgressHUD.framework",
				"${BUILT_PRODUCTS_DIR}/SwiftyJSON/SwiftyJSON.framework",
			);
			name = "[CP] Embed Pods Frameworks";
			outputPaths = (
				"${TARGET_BUILD_DIR}/${FRAMEWORKS_FOLDER_PATH}/Alamofire.framework",
				"${TARGET_BUILD_DIR}/${FRAMEWORKS_FOLDER_PATH}/SVProgressHUD.framework",
				"${TARGET_BUILD_DIR}/${FRAMEWORKS_FOLDER_PATH}/SwiftyJSON.framework",
			);
			runOnlyForDeploymentPostprocessing = 0;
			shellPath = /bin/sh;
			shellScript = "\"${SRCROOT}/Pods/Target Support Files/Pods-mapApp/Pods-mapApp-frameworks.sh\"\n";
			showEnvVarsInLog = 0;
		};
		D7CFF0B5421FC2F3C2F39722 /* [CP] Check Pods Manifest.lock */ = {
			isa = PBXShellScriptBuildPhase;
			buildActionMask = 2147483647;
			files = (
			);
			inputPaths = (
				"${PODS_PODFILE_DIR_PATH}/Podfile.lock",
				"${PODS_ROOT}/Manifest.lock",
			);
			name = "[CP] Check Pods Manifest.lock";
			outputPaths = (
				"$(DERIVED_FILE_DIR)/Pods-mapApp-checkManifestLockResult.txt",
			);
			runOnlyForDeploymentPostprocessing = 0;
			shellPath = /bin/sh;
			shellScript = "diff \"${PODS_PODFILE_DIR_PATH}/Podfile.lock\" \"${PODS_ROOT}/Manifest.lock\" > /dev/null\nif [ $? != 0 ] ; then\n    # print error to STDERR\n    echo \"error: The sandbox is not in sync with the Podfile.lock. Run 'pod install' or update your CocoaPods installation.\" >&2\n    exit 1\nfi\n# This output is used by Xcode 'outputs' to avoid re-running this script phase.\necho \"SUCCESS\" > \"${SCRIPT_OUTPUT_FILE_0}\"\n";
			showEnvVarsInLog = 0;
		};
/* End PBXShellScriptBuildPhase section */

/* Begin PBXSourcesBuildPhase section */
		F4014F7E214C4ECD00317B87 /* Sources */ = {
			isa = PBXSourcesBuildPhase;
			buildActionMask = 2147483647;
			files = (
				F4014F88214C4ECD00317B87 /* ViewController.swift in Sources */,
				F4491BE7214D0B3E000AA2EF /* WeatherForecastButton.swift in Sources */,
				F47B1828214E8556004A8827 /* WeatherDataModule.swift in Sources */,
				F4014F86214C4ECD00317B87 /* AppDelegate.swift in Sources */,
				F422D034214EF2CF00DCD21D /* TemperatureViewController.swift in Sources */,
			);
			runOnlyForDeploymentPostprocessing = 0;
		};
/* End PBXSourcesBuildPhase section */

/* Begin PBXVariantGroup section */
		F4014F8E214C4ED100317B87 /* LaunchScreen.storyboard */ = {
			isa = PBXVariantGroup;
			children = (
				F4014F8F214C4ED100317B87 /* Base */,
			);
			name = LaunchScreen.storyboard;
			sourceTree = "<group>";
		};
/* End PBXVariantGroup section */

/* Begin XCBuildConfiguration section */
		F4014F92214C4ED100317B87 /* Debug */ = {
			isa = XCBuildConfiguration;
			buildSettings = {
				ALWAYS_SEARCH_USER_PATHS = NO;
				CLANG_ANALYZER_NONNULL = YES;
				CLANG_ANALYZER_NUMBER_OBJECT_CONVERSION = YES_AGGRESSIVE;
				CLANG_CXX_LANGUAGE_STANDARD = "gnu++14";
				CLANG_CXX_LIBRARY = "libc++";
				CLANG_ENABLE_MODULES = YES;
				CLANG_ENABLE_OBJC_ARC = YES;
				CLANG_ENABLE_OBJC_WEAK = YES;
				CLANG_WARN_BLOCK_CAPTURE_AUTORELEASING = YES;
				CLANG_WARN_BOOL_CONVERSION = YES;
				CLANG_WARN_COMMA = YES;
				CLANG_WARN_CONSTANT_CONVERSION = YES;
				CLANG_WARN_DEPRECATED_OBJC_IMPLEMENTATIONS = YES;
				CLANG_WARN_DIRECT_OBJC_ISA_USAGE = YES_ERROR;
				CLANG_WARN_DOCUMENTATION_COMMENTS = YES;
				CLANG_WARN_EMPTY_BODY = YES;
				CLANG_WARN_ENUM_CONVERSION = YES;
				CLANG_WARN_INFINITE_RECURSION = YES;
				CLANG_WARN_INT_CONVERSION = YES;
				CLANG_WARN_NON_LITERAL_NULL_CONVERSION = YES;
				CLANG_WARN_OBJC_IMPLICIT_RETAIN_SELF = YES;
				CLANG_WARN_OBJC_LITERAL_CONVERSION = YES;
				CLANG_WARN_OBJC_ROOT_CLASS = YES_ERROR;
				CLANG_WARN_RANGE_LOOP_ANALYSIS = YES;
				CLANG_WARN_STRICT_PROTOTYPES = YES;
				CLANG_WARN_SUSPICIOUS_MOVE = YES;
				CLANG_WARN_UNGUARDED_AVAILABILITY = YES_AGGRESSIVE;
				CLANG_WARN_UNREACHABLE_CODE = YES;
				CLANG_WARN__DUPLICATE_METHOD_MATCH = YES;
				CODE_SIGN_IDENTITY = "iPhone Developer";
				COPY_PHASE_STRIP = NO;
				DEBUG_INFORMATION_FORMAT = dwarf;
				ENABLE_STRICT_OBJC_MSGSEND = YES;
				ENABLE_TESTABILITY = YES;
				GCC_C_LANGUAGE_STANDARD = gnu11;
				GCC_DYNAMIC_NO_PIC = NO;
				GCC_NO_COMMON_BLOCKS = YES;
				GCC_OPTIMIZATION_LEVEL = 0;
				GCC_PREPROCESSOR_DEFINITIONS = (
					"DEBUG=1",
					"$(inherited)",
				);
				GCC_WARN_64_TO_32_BIT_CONVERSION = YES;
				GCC_WARN_ABOUT_RETURN_TYPE = YES_ERROR;
				GCC_WARN_UNDECLARED_SELECTOR = YES;
				GCC_WARN_UNINITIALIZED_AUTOS = YES_AGGRESSIVE;
				GCC_WARN_UNUSED_FUNCTION = YES;
				GCC_WARN_UNUSED_VARIABLE = YES;
				IPHONEOS_DEPLOYMENT_TARGET = 11.4;
				MTL_ENABLE_DEBUG_INFO = YES;
				ONLY_ACTIVE_ARCH = YES;
				SDKROOT = iphoneos;
				SWIFT_ACTIVE_COMPILATION_CONDITIONS = DEBUG;
				SWIFT_OPTIMIZATION_LEVEL = "-Onone";
			};
			name = Debug;
		};
		F4014F93214C4ED100317B87 /* Release */ = {
			isa = XCBuildConfiguration;
			buildSettings = {
				ALWAYS_SEARCH_USER_PATHS = NO;
				CLANG_ANALYZER_NONNULL = YES;
				CLANG_ANALYZER_NUMBER_OBJECT_CONVERSION = YES_AGGRESSIVE;
				CLANG_CXX_LANGUAGE_STANDARD = "gnu++14";
				CLANG_CXX_LIBRARY = "libc++";
				CLANG_ENABLE_MODULES = YES;
				CLANG_ENABLE_OBJC_ARC = YES;
				CLANG_ENABLE_OBJC_WEAK = YES;
				CLANG_WARN_BLOCK_CAPTURE_AUTORELEASING = YES;
				CLANG_WARN_BOOL_CONVERSION = YES;
				CLANG_WARN_COMMA = YES;
				CLANG_WARN_CONSTANT_CONVERSION = YES;
				CLANG_WARN_DEPRECATED_OBJC_IMPLEMENTATIONS = YES;
				CLANG_WARN_DIRECT_OBJC_ISA_USAGE = YES_ERROR;
				CLANG_WARN_DOCUMENTATION_COMMENTS = YES;
				CLANG_WARN_EMPTY_BODY = YES;
				CLANG_WARN_ENUM_CONVERSION = YES;
				CLANG_WARN_INFINITE_RECURSION = YES;
				CLANG_WARN_INT_CONVERSION = YES;
				CLANG_WARN_NON_LITERAL_NULL_CONVERSION = YES;
				CLANG_WARN_OBJC_IMPLICIT_RETAIN_SELF = YES;
				CLANG_WARN_OBJC_LITERAL_CONVERSION = YES;
				CLANG_WARN_OBJC_ROOT_CLASS = YES_ERROR;
				CLANG_WARN_RANGE_LOOP_ANALYSIS = YES;
				CLANG_WARN_STRICT_PROTOTYPES = YES;
				CLANG_WARN_SUSPICIOUS_MOVE = YES;
				CLANG_WARN_UNGUARDED_AVAILABILITY = YES_AGGRESSIVE;
				CLANG_WARN_UNREACHABLE_CODE = YES;
				CLANG_WARN__DUPLICATE_METHOD_MATCH = YES;
				CODE_SIGN_IDENTITY = "iPhone Developer";
				COPY_PHASE_STRIP = NO;
				DEBUG_INFORMATION_FORMAT = "dwarf-with-dsym";
				ENABLE_NS_ASSERTIONS = NO;
				ENABLE_STRICT_OBJC_MSGSEND = YES;
				GCC_C_LANGUAGE_STANDARD = gnu11;
				GCC_NO_COMMON_BLOCKS = YES;
				GCC_WARN_64_TO_32_BIT_CONVERSION = YES;
				GCC_WARN_ABOUT_RETURN_TYPE = YES_ERROR;
				GCC_WARN_UNDECLARED_SELECTOR = YES;
				GCC_WARN_UNINITIALIZED_AUTOS = YES_AGGRESSIVE;
				GCC_WARN_UNUSED_FUNCTION = YES;
				GCC_WARN_UNUSED_VARIABLE = YES;
				IPHONEOS_DEPLOYMENT_TARGET = 11.4;
				MTL_ENABLE_DEBUG_INFO = NO;
				SDKROOT = iphoneos;
				SWIFT_COMPILATION_MODE = wholemodule;
				SWIFT_OPTIMIZATION_LEVEL = "-O";
				VALIDATE_PRODUCT = YES;
			};
			name = Release;
		};
		F4014F95214C4ED100317B87 /* Debug */ = {
			isa = XCBuildConfiguration;
			baseConfigurationReference = ED33A8C0AF6921EFBA1D54EE /* Pods-mapApp.debug.xcconfig */;
			buildSettings = {
				ASSETCATALOG_COMPILER_APPICON_NAME = AppIcon;
				CODE_SIGN_STYLE = Automatic;
				DEVELOPMENT_TEAM = 452NG5983H;
				INFOPLIST_FILE = mapApp/Info.plist;
				LD_RUNPATH_SEARCH_PATHS = (
					"$(inherited)",
					"@executable_path/Frameworks",
				);
				PRODUCT_BUNDLE_IDENTIFIER = com.dmitriy1.mapApp;
				PRODUCT_NAME = "$(TARGET_NAME)";
				SWIFT_VERSION = 4.0;
				TARGETED_DEVICE_FAMILY = "1,2";
			};
			name = Debug;
		};
		F4014F96214C4ED100317B87 /* Release */ = {
			isa = XCBuildConfiguration;
			baseConfigurationReference = ADC34B6F38A896AD4C9F6F61 /* Pods-mapApp.release.xcconfig */;
			buildSettings = {
				ASSETCATALOG_COMPILER_APPICON_NAME = AppIcon;
				CODE_SIGN_STYLE = Automatic;
				DEVELOPMENT_TEAM = 452NG5983H;
				INFOPLIST_FILE = mapApp/Info.plist;
				LD_RUNPATH_SEARCH_PATHS = (
					"$(inherited)",
					"@executable_path/Frameworks",
				);
				PRODUCT_BUNDLE_IDENTIFIER = com.dmitriy1.mapApp;
				PRODUCT_NAME = "$(TARGET_NAME)";
				SWIFT_VERSION = 4.0;
				TARGETED_DEVICE_FAMILY = "1,2";
			};
			name = Release;
		};
/* End XCBuildConfiguration section */

/* Begin XCConfigurationList section */
		F4014F7D214C4ECD00317B87 /* Build configuration list for PBXProject "mapApp" */ = {
			isa = XCConfigurationList;
			buildConfigurations = (
				F4014F92214C4ED100317B87 /* Debug */,
				F4014F93214C4ED100317B87 /* Release */,
			);
			defaultConfigurationIsVisible = 0;
			defaultConfigurationName = Release;
		};
		F4014F94214C4ED100317B87 /* Build configuration list for PBXNativeTarget "mapApp" */ = {
			isa = XCConfigurationList;
			buildConfigurations = (
				F4014F95214C4ED100317B87 /* Debug */,
				F4014F96214C4ED100317B87 /* Release */,
			);
			defaultConfigurationIsVisible = 0;
			defaultConfigurationName = Release;
		};
/* End XCConfigurationList section */
	};
	rootObject = F4014F7A214C4ECD00317B87 /* Project object */;
}
